
Microsoft Visual Studio Solution File, Format Version 12.00
# Visual Studio Version 17
VisualStudioVersion = 17.0.31903.59
MinimumVisualStudioVersion = 10.0.40219.1
Project("{2150E333-8FDC-42A3-9474-1A3956D46DE8}") = "src", "src", "{827E0CD3-B72D-47B6-A68D-7590B98EB39B}"
EndProject
Project("{2150E333-8FDC-42A3-9474-1A3956D46DE8}") = "Core", "Core", "{8D626EA8-CB54-BC41-363A-217881BEBA6E}"
EndProject
Project("{FAE04EC0-301F-11D3-BF4B-00C04F79EFBC}") = "AgriEcommerce.Core", "src\Core\AgriEcommerce.Core.csproj", "{B723DD81-8FA3-4916-8944-3A319F7693BA}"
EndProject
Project("{2150E333-8FDC-42A3-9474-1A3956D46DE8}") = "Application", "Application", "{22BAF98C-8415-17C4-B26A-D537657BC863}"
EndProject
Project("{FAE04EC0-301F-11D3-BF4B-00C04F79EFBC}") = "AgriEcommerce.Application", "src\Application\AgriEcommerce.Application.csproj", "{3DCADF36-6648-4D95-89C4-1B53C987FDD8}"
EndProject
Project("{2150E333-8FDC-42A3-9474-1A3956D46DE8}") = "Infrastructure", "Infrastructure", "{9048EB7F-3875-A59E-E36B-5BD4C6F2A282}"
EndProject
Project("{FAE04EC0-301F-11D3-BF4B-00C04F79EFBC}") = "AgriEcommerce.Infrastructure", "src\Infrastructure\AgriEcommerce.Infrastructure.csproj", "{D6FD88FD-05AD-4B1F-A507-F1A2CA4B1208}"
EndProject
Project("{2150E333-8FDC-42A3-9474-1A3956D46DE8}") = "API", "API", "{81034408-37C8-1011-444E-4C15C2FADA8E}"
EndProject
Project("{FAE04EC0-301F-11D3-BF4B-00C04F79EFBC}") = "AgriEcommerce.API", "src\API\AgriEcommerce.API.csproj", "{5CAA6286-95C2-4C2B-83B6-57B637659740}"
EndProject
Project("{2150E333-8FDC-42A3-9474-1A3956D46DE8}") = "tests", "tests", "{0AB3BF05-4346-4AA6-1389-037BE0695223}"
EndProject
Project("{FAE04EC0-301F-11D3-BF4B-00C04F79EFBC}") = "AgriEcommerce.Tests", "tests\AgriEcommerce.Tests.csproj", "{0CBD2DA9-D9B0-492E-B83C-3980B50C0A48}"
EndProject
Global
	GlobalSection(SolutionConfigurationPlatforms) = preSolution
		Debug|Any CPU = Debug|Any CPU
		Debug|x64 = Debug|x64
		Debug|x86 = Debug|x86
		Release|Any CPU = Release|Any CPU
		Release|x64 = Release|x64
		Release|x86 = Release|x86
	EndGlobalSection
	GlobalSection(ProjectConfigurationPlatforms) = postSolution
		{B723DD81-8FA3-4916-8944-3A319F7693BA}.Debug|Any CPU.ActiveCfg = Debug|Any CPU
		{B723DD81-8FA3-4916-8944-3A319F7693BA}.Debug|Any CPU.Build.0 = Debug|Any CPU
		{B723DD81-8FA3-4916-8944-3A319F7693BA}.Debug|x64.ActiveCfg = Debug|Any CPU
		{B723DD81-8FA3-4916-8944-3A319F7693BA}.Debug|x64.Build.0 = Debug|Any CPU
		{B723DD81-8FA3-4916-8944-3A319F7693BA}.Debug|x86.ActiveCfg = Debug|Any CPU
		{B723DD81-8FA3-4916-8944-3A319F7693BA}.Debug|x86.Build.0 = Debug|Any CPU
		{B723DD81-8FA3-4916-8944-3A319F7693BA}.Release|Any CPU.ActiveCfg = Release|Any CPU
		{B723DD81-8FA3-4916-8944-3A319F7693BA}.Release|Any CPU.Build.0 = Release|Any CPU
		{B723DD81-8FA3-4916-8944-3A319F7693BA}.Release|x64.ActiveCfg = Release|Any CPU
		{B723DD81-8FA3-4916-8944-3A319F7693BA}.Release|x64.Build.0 = Release|Any CPU
		{B723DD81-8FA3-4916-8944-3A319F7693BA}.Release|x86.ActiveCfg = Release|Any CPU
		{B723DD81-8FA3-4916-8944-3A319F7693BA}.Release|x86.Build.0 = Release|Any CPU
		{3DCADF36-6648-4D95-89C4-1B53C987FDD8}.Debug|Any CPU.ActiveCfg = Debug|Any CPU
		{3DCADF36-6648-4D95-89C4-1B53C987FDD8}.Debug|Any CPU.Build.0 = Debug|Any CPU
		{3DCADF36-6648-4D95-89C4-1B53C987FDD8}.Debug|x64.ActiveCfg = Debug|Any CPU
		{3DCADF36-6648-4D95-89C4-1B53C987FDD8}.Debug|x64.Build.0 = Debug|Any CPU
		{3DCADF36-6648-4D95-89C4-1B53C987FDD8}.Debug|x86.ActiveCfg = Debug|Any CPU
		{3DCADF36-6648-4D95-89C4-1B53C987FDD8}.Debug|x86.Build.0 = Debug|Any CPU
		{3DCADF36-6648-4D95-89C4-1B53C987FDD8}.Release|Any CPU.ActiveCfg = Release|Any CPU
		{3DCADF36-6648-4D95-89C4-1B53C987FDD8}.Release|Any CPU.Build.0 = Release|Any CPU
		{3DCADF36-6648-4D95-89C4-1B53C987FDD8}.Release|x64.ActiveCfg = Release|Any CPU
		{3DCADF36-6648-4D95-89C4-1B53C987FDD8}.Release|x64.Build.0 = Release|Any CPU
		{3DCADF36-6648-4D95-89C4-1B53C987FDD8}.Release|x86.ActiveCfg = Release|Any CPU
		{3DCADF36-6648-4D95-89C4-1B53C987FDD8}.Release|x86.Build.0 = Release|Any CPU
		{D6FD88FD-05AD-4B1F-A507-F1A2CA4B1208}.Debug|Any CPU.ActiveCfg = Debug|Any CPU
		{D6FD88FD-05AD-4B1F-A507-F1A2CA4B1208}.Debug|Any CPU.Build.0 = Debug|Any CPU
		{D6FD88FD-05AD-4B1F-A507-F1A2CA4B1208}.Debug|x64.ActiveCfg = Debug|Any CPU
		{D6FD88FD-05AD-4B1F-A507-F1A2CA4B1208}.Debug|x64.Build.0 = Debug|Any CPU
		{D6FD88FD-05AD-4B1F-A507-F1A2CA4B1208}.Debug|x86.ActiveCfg = Debug|Any CPU
		{D6FD88FD-05AD-4B1F-A507-F1A2CA4B1208}.Debug|x86.Build.0 = Debug|Any CPU
		{D6FD88FD-05AD-4B1F-A507-F1A2CA4B1208}.Release|Any CPU.ActiveCfg = Release|Any CPU
		{D6FD88FD-05AD-4B1F-A507-F1A2CA4B1208}.Release|Any CPU.Build.0 = Release|Any CPU
		{D6FD88FD-05AD-4B1F-A507-F1A2CA4B1208}.Release|x64.ActiveCfg = Release|Any CPU
		{D6FD88FD-05AD-4B1F-A507-F1A2CA4B1208}.Release|x64.Build.0 = Release|Any CPU
		{D6FD88FD-05AD-4B1F-A507-F1A2CA4B1208}.Release|x86.ActiveCfg = Release|Any CPU
		{D6FD88FD-05AD-4B1F-A507-F1A2CA4B1208}.Release|x86.Build.0 = Release|Any CPU
		{5CAA6286-95C2-4C2B-83B6-57B637659740}.Debug|Any CPU.ActiveCfg = Debug|Any CPU
		{5CAA6286-95C2-4C2B-83B6-57B637659740}.Debug|Any CPU.Build.0 = Debug|Any CPU
		{5CAA6286-95C2-4C2B-83B6-57B637659740}.Debug|x64.ActiveCfg = Debug|Any CPU
		{5CAA6286-95C2-4C2B-83B6-57B637659740}.Debug|x64.Build.0 = Debug|Any CPU
		{5CAA6286-95C2-4C2B-83B6-57B637659740}.Debug|x86.ActiveCfg = Debug|Any CPU
		{5CAA6286-95C2-4C2B-83B6-57B637659740}.Debug|x86.Build.0 = Debug|Any CPU
		{5CAA6286-95C2-4C2B-83B6-57B637659740}.Release|Any CPU.ActiveCfg = Release|Any CPU
		{5CAA6286-95C2-4C2B-83B6-57B637659740}.Release|Any CPU.Build.0 = Release|Any CPU
		{5CAA6286-95C2-4C2B-83B6-57B637659740}.Release|x64.ActiveCfg = Release|Any CPU
		{5CAA6286-95C2-4C2B-83B6-57B637659740}.Release|x64.Build.0 = Release|Any CPU
		{5CAA6286-95C2-4C2B-83B6-57B637659740}.Release|x86.ActiveCfg = Release|Any CPU
		{5CAA6286-95C2-4C2B-83B6-57B637659740}.Release|x86.Build.0 = Release|Any CPU
		{0CBD2DA9-D9B0-492E-B83C-3980B50C0A48}.Debug|Any CPU.ActiveCfg = Debug|Any CPU
		{0CBD2DA9-D9B0-492E-B83C-3980B50C0A48}.Debug|Any CPU.Build.0 = Debug|Any CPU
		{0CBD2DA9-D9B0-492E-B83C-3980B50C0A48}.Debug|x64.ActiveCfg = Debug|Any CPU
		{0CBD2DA9-D9B0-492E-B83C-3980B50C0A48}.Debug|x64.Build.0 = Debug|Any CPU
		{0CBD2DA9-D9B0-492E-B83C-3980B50C0A48}.Debug|x86.ActiveCfg = Debug|Any CPU
		{0CBD2DA9-D9B0-492E-B83C-3980B50C0A48}.Debug|x86.Build.0 = Debug|Any CPU
		{0CBD2DA9-D9B0-492E-B83C-3980B50C0A48}.Release|Any CPU.ActiveCfg = Release|Any CPU
		{0CBD2DA9-D9B0-492E-B83C-3980B50C0A48}.Release|Any CPU.Build.0 = Release|Any CPU
		{0CBD2DA9-D9B0-492E-B83C-3980B50C0A48}.Release|x64.ActiveCfg = Release|Any CPU
		{0CBD2DA9-D9B0-492E-B83C-3980B50C0A48}.Release|x64.Build.0 = Release|Any CPU
		{0CBD2DA9-D9B0-492E-B83C-3980B50C0A48}.Release|x86.ActiveCfg = Release|Any CPU
		{0CBD2DA9-D9B0-492E-B83C-3980B50C0A48}.Release|x86.Build.0 = Release|Any CPU
	EndGlobalSection
	GlobalSection(SolutionProperties) = preSolution
		HideSolutionNode = FALSE
	EndGlobalSection
	GlobalSection(NestedProjects) = preSolution
		{8D626EA8-CB54-BC41-363A-217881BEBA6E} = {827E0CD3-B72D-47B6-A68D-7590B98EB39B}
		{B723DD81-8FA3-4916-8944-3A319F7693BA} = {8D626EA8-CB54-BC41-363A-217881BEBA6E}
		{22BAF98C-8415-17C4-B26A-D537657BC863} = {827E0CD3-B72D-47B6-A68D-7590B98EB39B}
		{3DCADF36-6648-4D95-89C4-1B53C987FDD8} = {22BAF98C-8415-17C4-B26A-D537657BC863}
		{9048EB7F-3875-A59E-E36B-5BD4C6F2A282} = {827E0CD3-B72D-47B6-A68D-7590B98EB39B}
		{D6FD88FD-05AD-4B1F-A507-F1A2CA4B1208} = {9048EB7F-3875-A59E-E36B-5BD4C6F2A282}
		{81034408-37C8-1011-444E-4C15C2FADA8E} = {827E0CD3-B72D-47B6-A68D-7590B98EB39B}
		{5CAA6286-95C2-4C2B-83B6-57B637659740} = {81034408-37C8-1011-444E-4C15C2FADA8E}
		{0CBD2DA9-D9B0-492E-B83C-3980B50C0A48} = {0AB3BF05-4346-4AA6-1389-037BE0695223}
	EndGlobalSection
EndGlobal
